
Microsoft Visual Studio Solution File, Format Version 12.00
Project("{FAE04EC0-301F-11D3-BF4B-00C04F79EFBC}") = "TC-03", "TC-03.csproj", "{09396216-8E89-417E-8079-64D799E0F39F}"
EndProject
Global
	GlobalSection(SolutionConfigurationPlatforms) = preSolution
		Debug|Any CPU = Debug|Any CPU
		Release|Any CPU = Release|Any CPU
	EndGlobalSection
	GlobalSection(ProjectConfigurationPlatforms) = postSolution
		{09396216-8E89-417E-8079-64D799E0F39F}.Debug|Any CPU.ActiveCfg = Debug|Any CPU
		{09396216-8E89-417E-8079-64D799E0F39F}.Debug|Any CPU.Build.0 = Debug|Any CPU
		{09396216-8E89-417E-8079-64D799E0F39F}.Release|Any CPU.ActiveCfg = Release|Any CPU
		{09396216-8E89-417E-8079-64D799E0F39F}.Release|Any CPU.Build.0 = Release|Any CPU
	EndGlobalSection
EndGlobal
